
Microsoft Visual Studio Solution File, Format Version 12.00
# Visual Studio 15
VisualStudioVersion = 15.0.27004.2006
MinimumVisualStudioVersion = 10.0.40219.1
Project("{FAE04EC0-301F-11D3-BF4B-00C04F79EFBC}") = "BaseConsoleApp", "BaseConsoleApp\BaseConsoleApp.csproj", "{0693E3B5-3751-46F0-BDC4-EC0D434BA1A9}"
EndProject
Project("{FAE04EC0-301F-11D3-BF4B-00C04F79EFBC}") = "MarkdownNet", "..\MarkdownNet\MarkdownNet\MarkdownNet.csproj", "{278D5B96-9CE1-487D-9F2E-E1C55098B34F}"
EndProject
Global
	GlobalSection(SolutionConfigurationPlatforms) = preSolution
		Debug|Any CPU = Debug|Any CPU
		Release|Any CPU = Release|Any CPU
	EndGlobalSection
	GlobalSection(ProjectConfigurationPlatforms) = postSolution
		{0693E3B5-3751-46F0-BDC4-EC0D434BA1A9}.Debug|Any CPU.ActiveCfg = Debug|Any CPU
		{0693E3B5-3751-46F0-BDC4-EC0D434BA1A9}.Debug|Any CPU.Build.0 = Debug|Any CPU
		{0693E3B5-3751-46F0-BDC4-EC0D434BA1A9}.Release|Any CPU.ActiveCfg = Release|Any CPU
		{0693E3B5-3751-46F0-BDC4-EC0D434BA1A9}.Release|Any CPU.Build.0 = Release|Any CPU
		{278D5B96-9CE1-487D-9F2E-E1C55098B34F}.Debug|Any CPU.ActiveCfg = Debug|Any CPU
		{278D5B96-9CE1-487D-9F2E-E1C55098B34F}.Debug|Any CPU.Build.0 = Debug|Any CPU
		{278D5B96-9CE1-487D-9F2E-E1C55098B34F}.Release|Any CPU.ActiveCfg = Release|Any CPU
		{278D5B96-9CE1-487D-9F2E-E1C55098B34F}.Release|Any CPU.Build.0 = Release|Any CPU
	EndGlobalSection
	GlobalSection(SolutionProperties) = preSolution
		HideSolutionNode = FALSE
	EndGlobalSection
	GlobalSection(ExtensibilityGlobals) = postSolution
		SolutionGuid = {39E50E68-0485-40D6-951F-1815232E8C26}
	EndGlobalSection
EndGlobal
